{
  "version": 4,
  "terraform_version": "1.3.6",
  "serial": 43,
  "lineage": "137f8d05-c6af-f56d-3aa6-f81c5796e62d",
  "outputs": {},
  "resources": [
    {
      "mode": "data",
      "type": "google_client_config",
      "name": "current",
      "provider": "provider[\"registry.terraform.io/hashicorp/google\"]",
      "instances": [
        {
          "schema_version": 0,
          "attributes": {
            "access_token": "ya29.c.b0Aa9Vdymh0JnY6o67CLXCrgJ5rYEa2ekfoDrL7kSSr6nGDQxJhsfbjOhtkETEu8o44624VSYIWUpWwzcwlnb1zpKUkReM2bRmSjS3nK60ZZiQKqHUngQI0sId5fpFSAJRU3psDI2lZYjYdy1SZMDpgLrGj2RpsUKq2KzJiU3ssHBAoLyrm508CPzUFcozoJ21WO6vidtju23qOgnCFLdT9m08HUq-PtLF.......................................................................................................................................................................................................................................................................................................................................................................................................................................................................................................................................................................................................................................................................................................................................................................................................................",
            "id": "projects/charismatic-tea-371420/regions//zones/",
            "project": "charismatic-tea-371420",
            "region": "",
            "zone": ""
          },
          "sensitive_attributes": []
        }
      ]
    },
    {
      "mode": "managed",
      "type": "cdap_namespace",
      "name": "namespace0",
      "provider": "provider[\"registry.terraform.io/googlecloudplatform/cdap\"]",
      "instances": [
        {
          "schema_version": 0,
          "attributes": {
            "id": "Demo_Namespace",
            "name": "Demo_Namespace"
          },
          "sensitive_attributes": [],
          "private": "bnVsbA==",
          "dependencies": [
            "data.google_client_config.current",
            "google_data_fusion_instance.data_fusion_instance",
            "google_service_account.data-fusion-sa",
            "random_string.uuid2"
          ]
        }
      ]
    },
    {
      "mode": "managed",
      "type": "cdap_profile",
      "name": "profile",
      "provider": "provider[\"registry.terraform.io/googlecloudplatform/cdap\"]",
      "instances": [
        {
          "schema_version": 0,
          "attributes": {
            "description": null,
            "id": "static-dataproc",
            "label": "static-dataproc",
            "name": "static-dataproc",
            "namespace": "default",
            "profile_provisioner": [
              {
                "name": "gcp-dataproc",
                "properties": [
                  {
                    "is_editable": false,
                    "name": "charismatic-tea-371420",
                    "value": "charismatic-tea-371420"
                  }
                ]
              }
            ]
          },
          "sensitive_attributes": [],
          "private": "bnVsbA==",
          "dependencies": [
            "data.google_client_config.current",
            "google_data_fusion_instance.data_fusion_instance",
            "google_service_account.data-fusion-sa",
            "random_string.uuid2"
          ]
        }
      ]
    },
    {
      "mode": "managed",
      "type": "google_bigquery_dataset",
      "name": "dataset_1",
      "provider": "provider[\"registry.terraform.io/hashicorp/google\"]",
      "instances": [
        {
          "schema_version": 0,
          "attributes": {
            "access": [
              {
                "dataset": [],
                "domain": "",
                "group_by_email": "",
                "role": "OWNER",
                "special_group": "",
                "user_by_email": "tf-826@charismatic-tea-371420.iam.gserviceaccount.com",
                "view": []
              },
              {
                "dataset": [],
                "domain": "",
                "group_by_email": "",
                "role": "OWNER",
                "special_group": "projectOwners",
                "user_by_email": "",
                "view": []
              },
              {
                "dataset": [],
                "domain": "",
                "group_by_email": "",
                "role": "READER",
                "special_group": "projectReaders",
                "user_by_email": "",
                "view": []
              },
              {
                "dataset": [],
                "domain": "",
                "group_by_email": "",
                "role": "WRITER",
                "special_group": "projectWriters",
                "user_by_email": "",
                "view": []
              }
            ],
            "creation_time": 1670880775837,
            "dataset_id": "data_fusion_out",
            "default_encryption_configuration": [],
            "default_partition_expiration_ms": 0,
            "default_table_expiration_ms": 3600000,
            "delete_contents_on_destroy": false,
            "description": "This is a test description",
            "etag": "bENcqCMSEKks+HWIolf8GA==",
            "friendly_name": "rkcfirstdataset",
            "id": "projects/charismatic-tea-371420/datasets/data_fusion_out",
            "labels": {
              "env": "default"
            },
            "last_modified_time": 1670880775837,
            "location": "US",
            "project": "charismatic-tea-371420",
            "self_link": "https://bigquery.googleapis.com/bigquery/v2/projects/charismatic-tea-371420/datasets/data_fusion_out",
            "timeouts": null
          },
          "sensitive_attributes": [],
          "private": "eyJlMmJmYjczMC1lY2FhLTExZTYtOGY4OC0zNDM2M2JjN2M0YzAiOnsiY3JlYXRlIjoxMjAwMDAwMDAwMDAwLCJkZWxldGUiOjEyMDAwMDAwMDAwMDAsInVwZGF0ZSI6MTIwMDAwMDAwMDAwMH19"
        }
      ]
    },
    {
      "mode": "managed",
      "type": "google_bigquery_dataset",
      "name": "dataset_2",
      "provider": "provider[\"registry.terraform.io/hashicorp/google\"]",
      "instances": [
        {
          "schema_version": 0,
          "attributes": {
            "access": [
              {
                "dataset": [],
                "domain": "",
                "group_by_email": "",
                "role": "OWNER",
                "special_group": "",
                "user_by_email": "tf-826@charismatic-tea-371420.iam.gserviceaccount.com",
                "view": []
              },
              {
                "dataset": [],
                "domain": "",
                "group_by_email": "",
                "role": "OWNER",
                "special_group": "projectOwners",
                "user_by_email": "",
                "view": []
              },
              {
                "dataset": [],
                "domain": "",
                "group_by_email": "",
                "role": "READER",
                "special_group": "projectReaders",
                "user_by_email": "",
                "view": []
              },
              {
                "dataset": [],
                "domain": "",
                "group_by_email": "",
                "role": "WRITER",
                "special_group": "projectWriters",
                "user_by_email": "",
                "view": []
              }
            ],
            "creation_time": 1670880775842,
            "dataset_id": "data_fusion_temp",
            "default_encryption_configuration": [],
            "default_partition_expiration_ms": 0,
            "default_table_expiration_ms": 3600000,
            "delete_contents_on_destroy": false,
            "description": "This is a test description",
            "etag": "jKrRC3tLYMO6brxzgTlcpw==",
            "friendly_name": "rkcfirstdataset",
            "id": "projects/charismatic-tea-371420/datasets/data_fusion_temp",
            "labels": {
              "env": "default"
            },
            "last_modified_time": 1670880775842,
            "location": "US",
            "project": "charismatic-tea-371420",
            "self_link": "https://bigquery.googleapis.com/bigquery/v2/projects/charismatic-tea-371420/datasets/data_fusion_temp",
            "timeouts": null
          },
          "sensitive_attributes": [],
          "private": "eyJlMmJmYjczMC1lY2FhLTExZTYtOGY4OC0zNDM2M2JjN2M0YzAiOnsiY3JlYXRlIjoxMjAwMDAwMDAwMDAwLCJkZWxldGUiOjEyMDAwMDAwMDAwMDAsInVwZGF0ZSI6MTIwMDAwMDAwMDAwMH19"
        }
      ]
    },
    {
      "mode": "managed",
      "type": "google_data_fusion_instance",
      "name": "data_fusion_instance",
      "provider": "provider[\"registry.terraform.io/hashicorp/google\"]",
      "instances": [
        {
          "schema_version": 0,
          "attributes": {
            "create_time": "2022-12-12T21:40:56.076713200Z",
            "dataproc_service_account": "data-fusion-sa-560n@charismatic-tea-371420.iam.gserviceaccount.com",
            "description": "Enterprise CDF deployed by Terraform",
            "enable_stackdriver_logging": true,
            "enable_stackdriver_monitoring": true,
            "gcs_bucket": "gs://df-17700479461215473475-xpiy6dl2myi63nfjaizbbqaaaa",
            "id": "projects/charismatic-tea-371420/locations/us-central1/instances/rkc-cdf-demo",
            "labels": {
              "instance_owner": "ravi"
            },
            "name": "rkc-cdf-demo",
            "network_config": [
              {
                "ip_allocation": "172.28.76.0/22",
                "network": "default"
              }
            ],
            "options": null,
            "private_instance": true,
            "project": "charismatic-tea-371420",
            "region": "us-central1",
            "service_endpoint": "https://rkc-cdf-demo-charismatic-tea-371420-dot-usc1.datafusion.googleusercontent.com",
            "state": "ACTIVE",
            "state_message": "",
            "tenant_project_id": "v1fc1ecdb153541d4-tp",
            "timeouts": null,
            "type": "DEVELOPER",
            "update_time": "2022-12-12T21:58:09.682967759Z",
            "version": "6.5.1"
          },
          "sensitive_attributes": [],
          "private": "eyJlMmJmYjczMC1lY2FhLTExZTYtOGY4OC0zNDM2M2JjN2M0YzAiOnsiY3JlYXRlIjozNjAwMDAwMDAwMDAwLCJkZWxldGUiOjMwMDAwMDAwMDAwMDAsInVwZGF0ZSI6MTUwMDAwMDAwMDAwMH19",
          "dependencies": [
            "google_service_account.data-fusion-sa",
            "random_string.uuid2"
          ]
        }
      ]
    },
    {
      "mode": "managed",
      "type": "google_service_account",
      "name": "data-fusion-sa",
      "provider": "provider[\"registry.terraform.io/hashicorp/google\"]",
      "instances": [
        {
          "schema_version": 0,
          "attributes": {
            "account_id": "data-fusion-sa-560n",
            "description": "",
            "disabled": false,
            "display_name": "A service account that Jane can use",
            "email": "data-fusion-sa-560n@charismatic-tea-371420.iam.gserviceaccount.com",
            "id": "projects/charismatic-tea-371420/serviceAccounts/data-fusion-sa-560n@charismatic-tea-371420.iam.gserviceaccount.com",
            "name": "projects/charismatic-tea-371420/serviceAccounts/data-fusion-sa-560n@charismatic-tea-371420.iam.gserviceaccount.com",
            "project": "charismatic-tea-371420",
            "timeouts": null,
            "unique_id": "100792511989800052121"
          },
          "sensitive_attributes": [],
          "private": "eyJlMmJmYjczMC1lY2FhLTExZTYtOGY4OC0zNDM2M2JjN2M0YzAiOnsiY3JlYXRlIjozMDAwMDAwMDAwMDB9fQ==",
          "dependencies": [
            "random_string.uuid2"
          ]
        }
      ]
    },
    {
      "mode": "managed",
      "type": "google_storage_bucket",
      "name": "gcs_bucket",
      "provider": "provider[\"registry.terraform.io/hashicorp/google\"]",
      "instances": [
        {
          "schema_version": 0,
          "attributes": {
            "cors": [],
            "default_event_based_hold": false,
            "encryption": [],
            "force_destroy": true,
            "id": "rkc-data-fusion-poc-sssf",
            "labels": {},
            "lifecycle_rule": [
              {
                "action": [
                  {
                    "storage_class": "",
                    "type": "Delete"
                  }
                ],
                "condition": [
                  {
                    "age": 3,
                    "created_before": "",
                    "custom_time_before": "",
                    "days_since_custom_time": 0,
                    "days_since_noncurrent_time": 0,
                    "matches_storage_class": [],
                    "noncurrent_time_before": "",
                    "num_newer_versions": 0,
                    "with_state": "ANY"
                  }
                ]
              }
            ],
            "location": "US",
            "logging": [],
            "name": "rkc-data-fusion-poc-sssf",
            "project": "charismatic-tea-371420",
            "requester_pays": false,
            "retention_policy": [],
            "self_link": "https://www.googleapis.com/storage/v1/b/rkc-data-fusion-poc-sssf",
            "storage_class": "STANDARD",
            "timeouts": null,
            "uniform_bucket_level_access": false,
            "url": "gs://rkc-data-fusion-poc-sssf",
            "versioning": [],
            "website": []
          },
          "sensitive_attributes": [],
          "private": "eyJlMmJmYjczMC1lY2FhLTExZTYtOGY4OC0zNDM2M2JjN2M0YzAiOnsiY3JlYXRlIjoyNDAwMDAwMDAwMDAsInJlYWQiOjI0MDAwMDAwMDAwMCwidXBkYXRlIjoyNDAwMDAwMDAwMDB9fQ==",
          "dependencies": [
            "random_string.uuid1"
          ]
        }
      ]
    },
    {
      "mode": "managed",
      "type": "google_storage_bucket_object",
      "name": "sample-data",
      "provider": "provider[\"registry.terraform.io/hashicorp/google\"]",
      "instances": [
        {
          "schema_version": 0,
          "attributes": {
            "bucket": "rkc-data-fusion-poc-sssf",
            "cache_control": "",
            "content": null,
            "content_disposition": "",
            "content_encoding": "",
            "content_language": "",
            "content_type": "text/plain; charset=utf-8",
            "crc32c": "QmWSww==",
            "customer_encryption": [],
            "detect_md5hash": "Cfady0tyTRRkKk2FBHBn2w==",
            "event_based_hold": false,
            "id": "rkc-data-fusion-poc-sssf-electronic-card-transactions-october-2022-csv-tables.csv",
            "kms_key_name": "",
            "md5hash": "Cfady0tyTRRkKk2FBHBn2w==",
            "media_link": "https://storage.googleapis.com/download/storage/v1/b/rkc-data-fusion-poc-sssf/o/electronic-card-transactions-october-2022-csv-tables.csv?generation=1670881222052823\u0026alt=media",
            "metadata": {},
            "name": "electronic-card-transactions-october-2022-csv-tables.csv",
            "output_name": "electronic-card-transactions-october-2022-csv-tables.csv",
            "self_link": "https://www.googleapis.com/storage/v1/b/rkc-data-fusion-poc-sssf/o/electronic-card-transactions-october-2022-csv-tables.csv",
            "source": "/home/rkchatti/dataFusion/Data/electronic-card-transactions-october-2022-csv-tables.csv",
            "storage_class": "STANDARD",
            "temporary_hold": false,
            "timeouts": null
          },
          "sensitive_attributes": [],
          "private": "eyJlMmJmYjczMC1lY2FhLTExZTYtOGY4OC0zNDM2M2JjN2M0YzAiOnsiY3JlYXRlIjoyNDAwMDAwMDAwMDAsImRlbGV0ZSI6MjQwMDAwMDAwMDAwLCJ1cGRhdGUiOjI0MDAwMDAwMDAwMH19",
          "dependencies": [
            "google_storage_bucket.gcs_bucket",
            "random_string.uuid1"
          ]
        }
      ]
    },
    {
      "mode": "managed",
      "type": "random_string",
      "name": "uuid1",
      "provider": "provider[\"registry.terraform.io/hashicorp/random\"]",
      "instances": [
        {
          "schema_version": 2,
          "attributes": {
            "id": "sssf",
            "keepers": null,
            "length": 4,
            "lower": true,
            "min_lower": 0,
            "min_numeric": 0,
            "min_special": 0,
            "min_upper": 0,
            "number": true,
            "numeric": true,
            "override_special": null,
            "result": "sssf",
            "special": false,
            "upper": false
          },
          "sensitive_attributes": []
        }
      ]
    },
    {
      "mode": "managed",
      "type": "random_string",
      "name": "uuid2",
      "provider": "provider[\"registry.terraform.io/hashicorp/random\"]",
      "instances": [
        {
          "schema_version": 2,
          "attributes": {
            "id": "560n",
            "keepers": null,
            "length": 4,
            "lower": true,
            "min_lower": 0,
            "min_numeric": 0,
            "min_special": 0,
            "min_upper": 0,
            "number": true,
            "numeric": true,
            "override_special": null,
            "result": "560n",
            "special": false,
            "upper": false
          },
          "sensitive_attributes": []
        }
      ]
    }
  ],
  "check_results": null
}
