{
  "version": 4,
  "terraform_version": "1.3.6",
  "serial": 55,
  "lineage": "137f8d05-c6af-f56d-3aa6-f81c5796e62d",
  "outputs": {},
  "resources": [
    {
      "mode": "data",
      "type": "google_client_config",
      "name": "current",
      "provider": "provider[\"registry.terraform.io/hashicorp/google\"]",
      "instances": [
        {
          "schema_version": 0,
          "attributes": {
            "access_token": "ya29.c.b0Aa9Vdyl5Iou5-cnJjiCdXKN5DM9CV9QhQ2h0CXeaVWxm5Rkjus7jMfTVShCj9QMeUzy4xnNjE_LDkbMN0fXy5EiDLhRky1Xsnsz-vBdynZ9CLYlHqd3lsfi236tzgQy46DLTQtbmXGMXIUWeG60wui6_sJXje_XxVIatBzxhWNWeHV_kSZczJ9NCMxIoTAL5mQzcxyWtlbv1QDg-tq2e7ETIq79Yw829.......................................................................................................................................................................................................................................................................................................................................................................................................................................................................................................................................................................................................................................................................................................................................................................................................................",
            "id": "projects/charismatic-tea-371420/regions//zones/",
            "project": "charismatic-tea-371420",
            "region": "",
            "zone": ""
          },
          "sensitive_attributes": []
        }
      ]
    },
    {
      "mode": "managed",
      "type": "cdap_namespace",
      "name": "namespace0",
      "provider": "provider[\"registry.terraform.io/googlecloudplatform/cdap\"]",
      "instances": [
        {
          "schema_version": 0,
          "attributes": {
            "id": "Demo_Namespace",
            "name": "Demo_Namespace"
          },
          "sensitive_attributes": [],
          "private": "bnVsbA==",
          "dependencies": [
            "data.google_client_config.current",
            "google_data_fusion_instance.data_fusion_instance",
            "google_service_account.data-fusion-sa",
            "random_string.uuid2"
          ]
        }
      ]
    },
    {
      "mode": "managed",
      "type": "google_data_fusion_instance",
      "name": "data_fusion_instance",
      "provider": "provider[\"registry.terraform.io/hashicorp/google\"]",
      "instances": [
        {
          "schema_version": 0,
          "attributes": {
            "create_time": "2022-12-12T21:40:56.076713200Z",
            "dataproc_service_account": "data-fusion-sa-560n@charismatic-tea-371420.iam.gserviceaccount.com",
            "description": "Enterprise CDF deployed by Terraform",
            "enable_stackdriver_logging": true,
            "enable_stackdriver_monitoring": true,
            "gcs_bucket": "gs://df-17700479461215473475-xpiy6dl2myi63nfjaizbbqaaaa",
            "id": "projects/charismatic-tea-371420/locations/us-central1/instances/rkc-cdf-demo",
            "labels": {
              "instance_owner": "ravi"
            },
            "name": "rkc-cdf-demo",
            "network_config": [
              {
                "ip_allocation": "172.28.76.0/22",
                "network": "default"
              }
            ],
            "options": {},
            "private_instance": true,
            "project": "charismatic-tea-371420",
            "region": "us-central1",
            "service_endpoint": "https://rkc-cdf-demo-charismatic-tea-371420-dot-usc1.datafusion.googleusercontent.com",
            "state": "ACTIVE",
            "state_message": "",
            "tenant_project_id": "v1fc1ecdb153541d4-tp",
            "timeouts": null,
            "type": "DEVELOPER",
            "update_time": "2022-12-12T21:58:09.682967759Z",
            "version": "6.5.1"
          },
          "sensitive_attributes": [],
          "private": "eyJlMmJmYjczMC1lY2FhLTExZTYtOGY4OC0zNDM2M2JjN2M0YzAiOnsiY3JlYXRlIjozNjAwMDAwMDAwMDAwLCJkZWxldGUiOjMwMDAwMDAwMDAwMDAsInVwZGF0ZSI6MTUwMDAwMDAwMDAwMH19",
          "dependencies": [
            "google_service_account.data-fusion-sa",
            "random_string.uuid2"
          ]
        }
      ]
    },
    {
      "mode": "managed",
      "type": "google_service_account",
      "name": "data-fusion-sa",
      "provider": "provider[\"registry.terraform.io/hashicorp/google\"]",
      "instances": [
        {
          "schema_version": 0,
          "attributes": {
            "account_id": "data-fusion-sa-560n",
            "description": "",
            "disabled": false,
            "display_name": "A service account that Jane can use",
            "email": "data-fusion-sa-560n@charismatic-tea-371420.iam.gserviceaccount.com",
            "id": "projects/charismatic-tea-371420/serviceAccounts/data-fusion-sa-560n@charismatic-tea-371420.iam.gserviceaccount.com",
            "name": "projects/charismatic-tea-371420/serviceAccounts/data-fusion-sa-560n@charismatic-tea-371420.iam.gserviceaccount.com",
            "project": "charismatic-tea-371420",
            "timeouts": null,
            "unique_id": "100792511989800052121"
          },
          "sensitive_attributes": [],
          "private": "eyJlMmJmYjczMC1lY2FhLTExZTYtOGY4OC0zNDM2M2JjN2M0YzAiOnsiY3JlYXRlIjozMDAwMDAwMDAwMDB9fQ==",
          "dependencies": [
            "random_string.uuid2"
          ]
        }
      ]
    },
    {
      "mode": "managed",
      "type": "random_string",
      "name": "uuid2",
      "provider": "provider[\"registry.terraform.io/hashicorp/random\"]",
      "instances": [
        {
          "schema_version": 2,
          "attributes": {
            "id": "560n",
            "keepers": null,
            "length": 4,
            "lower": true,
            "min_lower": 0,
            "min_numeric": 0,
            "min_special": 0,
            "min_upper": 0,
            "number": true,
            "numeric": true,
            "override_special": null,
            "result": "560n",
            "special": false,
            "upper": false
          },
          "sensitive_attributes": []
        }
      ]
    }
  ],
  "check_results": null
}
