{
  "version": 4,
  "terraform_version": "1.3.6",
  "serial": 59,
  "lineage": "08b99e53-0e0c-71ca-c91b-6573c46c8a0a",
  "outputs": {},
  "resources": [
    {
      "mode": "data",
      "type": "google_client_config",
      "name": "current",
      "provider": "provider[\"registry.terraform.io/hashicorp/google\"]",
      "instances": [
        {
          "schema_version": 0,
          "attributes": {
            "access_token": "ya29.c.b0AT7lpjAsMzKjVTlnNtvUAK0u_9B6CTxmvEigFSn1Mg7zM5_qz_Rh4SbLITu6vxS64aPqkvjVlP_Ictaevivwb1TSUpkLzuP6tFKoqVCGglwq7iNN29cYm5BDtB9fmWUoy_QeaQHUmeFT0PNVa76XjvuqswVv-unYE1B7Ja0Xmt8LgmdKSUVE7-G2O1rgIYBSD1j5doseGwfQJ2KCAHq_MQQq5mxhYNS4.......................................................................................................................................................................................................................................................................................................................................................................................................................................................................................................................................................................................................................................................................................................................................................................................................................",
            "id": "projects/charismatic-tea-371420/regions//zones/",
            "project": "charismatic-tea-371420",
            "region": "",
            "zone": ""
          },
          "sensitive_attributes": []
        }
      ]
    },
    {
      "mode": "managed",
      "type": "cdap_namespace",
      "name": "namespace0",
      "provider": "provider[\"registry.terraform.io/googlecloudplatform/cdap\"]",
      "instances": [
        {
          "schema_version": 0,
          "attributes": {
            "id": "Demo_Namespace",
            "name": "Demo_Namespace"
          },
          "sensitive_attributes": [],
          "private": "bnVsbA==",
          "dependencies": [
            "data.google_client_config.current",
            "google_data_fusion_instance.data_fusion_instance",
            "google_service_account.data_fusion_sa",
            "random_string.uuid2"
          ]
        }
      ]
    },
    {
      "mode": "managed",
      "type": "google_data_fusion_instance",
      "name": "data_fusion_instance",
      "provider": "provider[\"registry.terraform.io/hashicorp/google\"]",
      "instances": [
        {
          "schema_version": 0,
          "attributes": {
            "create_time": "2022-12-15T17:09:10.261198102Z",
            "dataproc_service_account": "data-fusion-sa-8urb@charismatic-tea-371420.iam.gserviceaccount.com",
            "description": "Enterprise CDF deployed by Terraform",
            "enable_stackdriver_logging": true,
            "enable_stackdriver_monitoring": true,
            "gcs_bucket": "gs://df-10244397744431844960-bysl33d4tqi63i3zhqug2rlily",
            "id": "projects/charismatic-tea-371420/locations/us-central1/instances/rkc-cdf-demo",
            "labels": {
              "instance_owner": "ravi"
            },
            "name": "rkc-cdf-demo",
            "network_config": [
              {
                "ip_allocation": "172.28.76.0/22",
                "network": "default"
              }
            ],
            "options": {},
            "private_instance": true,
            "project": "charismatic-tea-371420",
            "region": "us-central1",
            "service_endpoint": "https://rkc-cdf-demo-charismatic-tea-371420-dot-usc1.datafusion.googleusercontent.com",
            "state": "ACTIVE",
            "state_message": "",
            "tenant_project_id": "v1fc1ecdb153541d4-tp",
            "timeouts": null,
            "type": "DEVELOPER",
            "update_time": "2022-12-15T17:24:47.846627919Z",
            "version": "6.5.1"
          },
          "sensitive_attributes": [],
          "private": "eyJlMmJmYjczMC1lY2FhLTExZTYtOGY4OC0zNDM2M2JjN2M0YzAiOnsiY3JlYXRlIjozNjAwMDAwMDAwMDAwLCJkZWxldGUiOjMwMDAwMDAwMDAwMDAsInVwZGF0ZSI6MTUwMDAwMDAwMDAwMH19",
          "dependencies": [
            "google_service_account.data_fusion_sa",
            "random_string.uuid2"
          ]
        }
      ]
    },
    {
      "mode": "managed",
      "type": "google_service_account",
      "name": "data_fusion_sa",
      "provider": "provider[\"registry.terraform.io/hashicorp/google\"]",
      "instances": [
        {
          "schema_version": 0,
          "attributes": {
            "account_id": "data-fusion-sa-8urb",
            "description": "",
            "disabled": false,
            "display_name": "A service account that Data Fusion jobs will use to read data from GCS and write to BQ",
            "email": "data-fusion-sa-8urb@charismatic-tea-371420.iam.gserviceaccount.com",
            "id": "projects/charismatic-tea-371420/serviceAccounts/data-fusion-sa-8urb@charismatic-tea-371420.iam.gserviceaccount.com",
            "name": "projects/charismatic-tea-371420/serviceAccounts/data-fusion-sa-8urb@charismatic-tea-371420.iam.gserviceaccount.com",
            "project": "charismatic-tea-371420",
            "timeouts": null,
            "unique_id": "100670269930673665229"
          },
          "sensitive_attributes": [],
          "private": "eyJlMmJmYjczMC1lY2FhLTExZTYtOGY4OC0zNDM2M2JjN2M0YzAiOnsiY3JlYXRlIjozMDAwMDAwMDAwMDB9fQ==",
          "dependencies": [
            "random_string.uuid2"
          ]
        }
      ]
    },
    {
      "mode": "managed",
      "type": "random_string",
      "name": "uuid2",
      "provider": "provider[\"registry.terraform.io/hashicorp/random\"]",
      "instances": [
        {
          "schema_version": 2,
          "attributes": {
            "id": "8urb",
            "keepers": null,
            "length": 4,
            "lower": true,
            "min_lower": 0,
            "min_numeric": 0,
            "min_special": 0,
            "min_upper": 0,
            "number": true,
            "numeric": true,
            "override_special": null,
            "result": "8urb",
            "special": false,
            "upper": false
          },
          "sensitive_attributes": []
        }
      ]
    }
  ],
  "check_results": null
}
