{
  "version": 4,
  "terraform_version": "1.3.7",
  "serial": 28,
  "lineage": "a65161ab-c574-0802-2d94-bfd4985b9bd0",
  "outputs": {},
  "resources": [
    {
      "mode": "data",
      "type": "archive_file",
      "name": "src_zip",
      "provider": "provider[\"registry.terraform.io/hashicorp/archive\"]",
      "instances": [
        {
          "index_key": "trig_data_fusion",
          "schema_version": 0,
          "attributes": {
            "excludes": null,
            "id": "0825fb1476919e0a85ead412b8803e87bd803009",
            "output_base64sha256": "vC1Op9ooThUiYjIUShfmLV72jT2cfkDGej2HDk59H9I=",
            "output_file_mode": null,
            "output_md5": "c6a5ca8050341595fb6429441272265a",
            "output_path": "Pipelines/zip/trig_data_fusion.zip",
            "output_sha": "0825fb1476919e0a85ead412b8803e87bd803009",
            "output_size": 343,
            "source": [],
            "source_content": null,
            "source_content_filename": null,
            "source_dir": "Pipelines/trig_data_fusion",
            "source_file": null,
            "type": "zip"
          },
          "sensitive_attributes": []
        }
      ]
    },
    {
      "mode": "data",
      "type": "google_client_config",
      "name": "current",
      "provider": "provider[\"registry.terraform.io/hashicorp/google\"]",
      "instances": [
        {
          "schema_version": 0,
          "attributes": {
            "access_token": "ya29.c.b0Aaekm1K_yRCQG3Gexowvlc4aIlrm_RrtzUY_KXP5yYSISiQbZA6Ib4SqIWFIfDePrwlmasRF6VmDJBddkNLTepdr4ohSPnrS_Scvf-OBLcaRPfLXk9v-zrmNWkvJYoNVRMsyo7ASw0Ie5hUAuBJrQ01pXtqMDXtQlbqHEC7xx8p7x8Zdc16P7y2d9DDxI8dO0CTByc0Ld0QhfMirnf0cXZrnf8ghiYCJ.......................................................................................................................................................................................................................................................................................................................................................................................................................................................................................................................................................................................................................................................................................................................................................................................................................",
            "id": "projects/cogent-cocoa-372212/regions//zones/",
            "project": "cogent-cocoa-372212",
            "region": "",
            "zone": ""
          },
          "sensitive_attributes": []
        }
      ]
    },
    {
      "mode": "managed",
      "type": "google_cloud_scheduler_job",
      "name": "df_schedule",
      "provider": "provider[\"registry.terraform.io/hashicorp/google\"]",
      "instances": [
        {
          "schema_version": 0,
          "attributes": {
            "app_engine_http_target": [],
            "attempt_deadline": "",
            "description": "df_schedule",
            "http_target": [],
            "id": "projects/cogent-cocoa-372212/locations/us-central1/jobs/df_schedule",
            "name": "df_schedule",
            "project": "cogent-cocoa-372212",
            "pubsub_target": [
              {
                "attributes": {},
                "data": "dGVzdA==",
                "topic_name": "projects/cogent-cocoa-372212/topics/job-topic"
              }
            ],
            "region": "us-central1",
            "retry_config": [],
            "schedule": "*/2 * * * *",
            "time_zone": "Etc/UTC",
            "timeouts": null
          },
          "sensitive_attributes": [],
          "private": "eyJlMmJmYjczMC1lY2FhLTExZTYtOGY4OC0zNDM2M2JjN2M0YzAiOnsiY3JlYXRlIjoxMjAwMDAwMDAwMDAwLCJkZWxldGUiOjEyMDAwMDAwMDAwMDAsInVwZGF0ZSI6MTIwMDAwMDAwMDAwMH19",
          "dependencies": [
            "google_pubsub_topic.df_trigger"
          ]
        }
      ]
    },
    {
      "mode": "managed",
      "type": "google_cloudfunctions_function",
      "name": "data_fusion_function",
      "provider": "provider[\"registry.terraform.io/hashicorp/google\"]",
      "instances": [
        {
          "schema_version": 0,
          "attributes": {
            "available_memory_mb": 128,
            "build_environment_variables": null,
            "description": "My function",
            "docker_repository": "",
            "entry_point": "py_entry",
            "environment_variables": null,
            "event_trigger": [
              {
                "event_type": "google.pubsub.topic.publish",
                "failure_policy": [
                  {
                    "retry": false
                  }
                ],
                "resource": "projects/cogent-cocoa-372212/topics/job-topic"
              }
            ],
            "https_trigger_security_level": null,
            "https_trigger_url": null,
            "id": "projects/cogent-cocoa-372212/locations/us-central1/functions/function-test",
            "ingress_settings": "ALLOW_ALL",
            "kms_key_name": "",
            "labels": null,
            "max_instances": 3000,
            "min_instances": 0,
            "name": "function-test",
            "project": "cogent-cocoa-372212",
            "region": "us-central1",
            "runtime": "python39",
            "secret_environment_variables": [],
            "secret_volumes": [],
            "service_account_email": "cogent-cocoa-372212@appspot.gserviceaccount.com",
            "source_archive_bucket": "cogent-cocoa-372212-gcf-suffix-uo90",
            "source_archive_object": "trig_data_fusion.zip",
            "source_repository": [],
            "timeout": 60,
            "timeouts": null,
            "trigger_http": null,
            "vpc_connector": "",
            "vpc_connector_egress_settings": ""
          },
          "sensitive_attributes": [],
          "private": "eyJlMmJmYjczMC1lY2FhLTExZTYtOGY4OC0zNDM2M2JjN2M0YzAiOnsiY3JlYXRlIjozMDAwMDAwMDAwMDAsImRlbGV0ZSI6MzAwMDAwMDAwMDAwLCJyZWFkIjozMDAwMDAwMDAwMDAsInVwZGF0ZSI6MzAwMDAwMDAwMDAwfX0=",
          "dependencies": [
            "google_pubsub_topic.df_trigger",
            "google_storage_bucket.storage_cfunctions",
            "google_storage_bucket_object.cfunctions_src"
          ]
        }
      ]
    },
    {
      "mode": "managed",
      "type": "google_pubsub_topic",
      "name": "df_trigger",
      "provider": "provider[\"registry.terraform.io/hashicorp/google\"]",
      "instances": [
        {
          "schema_version": 0,
          "attributes": {
            "id": "projects/cogent-cocoa-372212/topics/job-topic",
            "kms_key_name": "",
            "labels": {},
            "message_retention_duration": "",
            "message_storage_policy": [],
            "name": "job-topic",
            "project": "cogent-cocoa-372212",
            "schema_settings": [],
            "timeouts": null
          },
          "sensitive_attributes": [],
          "private": "eyJlMmJmYjczMC1lY2FhLTExZTYtOGY4OC0zNDM2M2JjN2M0YzAiOnsiY3JlYXRlIjoxMjAwMDAwMDAwMDAwLCJkZWxldGUiOjEyMDAwMDAwMDAwMDAsInVwZGF0ZSI6MTIwMDAwMDAwMDAwMH19"
        }
      ]
    },
    {
      "mode": "managed",
      "type": "google_service_account",
      "name": "cf_data_fusion_sa",
      "provider": "provider[\"registry.terraform.io/hashicorp/google\"]",
      "instances": [
        {
          "schema_version": 0,
          "attributes": {
            "account_id": "cf-data-fusion-sa-l35i",
            "description": "",
            "disabled": false,
            "display_name": "A service account that Cloud Function will use to trigger Data Fusion jobs",
            "email": "cf-data-fusion-sa-l35i@cogent-cocoa-372212.iam.gserviceaccount.com",
            "id": "projects/cogent-cocoa-372212/serviceAccounts/cf-data-fusion-sa-l35i@cogent-cocoa-372212.iam.gserviceaccount.com",
            "name": "projects/cogent-cocoa-372212/serviceAccounts/cf-data-fusion-sa-l35i@cogent-cocoa-372212.iam.gserviceaccount.com",
            "project": "cogent-cocoa-372212",
            "timeouts": null,
            "unique_id": "104488925403784003555"
          },
          "sensitive_attributes": [],
          "private": "eyJlMmJmYjczMC1lY2FhLTExZTYtOGY4OC0zNDM2M2JjN2M0YzAiOnsiY3JlYXRlIjozMDAwMDAwMDAwMDB9fQ==",
          "dependencies": [
            "random_string.uuid2"
          ]
        }
      ]
    },
    {
      "mode": "managed",
      "type": "google_storage_bucket",
      "name": "storage_cfunctions",
      "provider": "provider[\"registry.terraform.io/hashicorp/google\"]",
      "instances": [
        {
          "schema_version": 0,
          "attributes": {
            "cors": [],
            "default_event_based_hold": false,
            "encryption": [],
            "force_destroy": true,
            "id": "cogent-cocoa-372212-gcf-suffix-uo90",
            "labels": {},
            "lifecycle_rule": [],
            "location": "US-CENTRAL1",
            "logging": [],
            "name": "cogent-cocoa-372212-gcf-suffix-uo90",
            "project": "cogent-cocoa-372212",
            "requester_pays": false,
            "retention_policy": [],
            "self_link": "https://www.googleapis.com/storage/v1/b/cogent-cocoa-372212-gcf-suffix-uo90",
            "storage_class": "STANDARD",
            "timeouts": null,
            "uniform_bucket_level_access": false,
            "url": "gs://cogent-cocoa-372212-gcf-suffix-uo90",
            "versioning": [],
            "website": []
          },
          "sensitive_attributes": [],
          "private": "eyJlMmJmYjczMC1lY2FhLTExZTYtOGY4OC0zNDM2M2JjN2M0YzAiOnsiY3JlYXRlIjoyNDAwMDAwMDAwMDAsInJlYWQiOjI0MDAwMDAwMDAwMCwidXBkYXRlIjoyNDAwMDAwMDAwMDB9fQ=="
        }
      ]
    },
    {
      "mode": "managed",
      "type": "google_storage_bucket_object",
      "name": "cfunctions_src",
      "provider": "provider[\"registry.terraform.io/hashicorp/google\"]",
      "instances": [
        {
          "index_key": "trig_data_fusion",
          "schema_version": 0,
          "attributes": {
            "bucket": "cogent-cocoa-372212-gcf-suffix-uo90",
            "cache_control": "",
            "content": null,
            "content_disposition": "",
            "content_encoding": "",
            "content_language": "",
            "content_type": "application/zip",
            "crc32c": "zVkahQ==",
            "customer_encryption": [],
            "detect_md5hash": "xqXKgFA0FZX7ZClEEnImWg==",
            "event_based_hold": false,
            "id": "cogent-cocoa-372212-gcf-suffix-uo90-trig_data_fusion.zip",
            "kms_key_name": "",
            "md5hash": "xqXKgFA0FZX7ZClEEnImWg==",
            "media_link": "https://storage.googleapis.com/download/storage/v1/b/cogent-cocoa-372212-gcf-suffix-uo90/o/trig_data_fusion.zip?generation=1674765993213958\u0026alt=media",
            "metadata": {},
            "name": "trig_data_fusion.zip",
            "output_name": "trig_data_fusion.zip",
            "self_link": "https://www.googleapis.com/storage/v1/b/cogent-cocoa-372212-gcf-suffix-uo90/o/trig_data_fusion.zip",
            "source": "Pipelines/zip/trig_data_fusion.zip",
            "storage_class": "STANDARD",
            "temporary_hold": false,
            "timeouts": null
          },
          "sensitive_attributes": [],
          "private": "eyJlMmJmYjczMC1lY2FhLTExZTYtOGY4OC0zNDM2M2JjN2M0YzAiOnsiY3JlYXRlIjoyNDAwMDAwMDAwMDAsImRlbGV0ZSI6MjQwMDAwMDAwMDAwLCJ1cGRhdGUiOjI0MDAwMDAwMDAwMH19",
          "dependencies": [
            "google_storage_bucket.storage_cfunctions"
          ]
        }
      ]
    },
    {
      "mode": "managed",
      "type": "random_string",
      "name": "uuid1",
      "provider": "provider[\"registry.terraform.io/hashicorp/random\"]",
      "instances": [
        {
          "schema_version": 2,
          "attributes": {
            "id": "2v2k",
            "keepers": null,
            "length": 4,
            "lower": true,
            "min_lower": 0,
            "min_numeric": 0,
            "min_special": 0,
            "min_upper": 0,
            "number": true,
            "numeric": true,
            "override_special": null,
            "result": "2v2k",
            "special": false,
            "upper": false
          },
          "sensitive_attributes": []
        }
      ]
    },
    {
      "mode": "managed",
      "type": "random_string",
      "name": "uuid2",
      "provider": "provider[\"registry.terraform.io/hashicorp/random\"]",
      "instances": [
        {
          "schema_version": 2,
          "attributes": {
            "id": "l35i",
            "keepers": null,
            "length": 4,
            "lower": true,
            "min_lower": 0,
            "min_numeric": 0,
            "min_special": 0,
            "min_upper": 0,
            "number": true,
            "numeric": true,
            "override_special": null,
            "result": "l35i",
            "special": false,
            "upper": false
          },
          "sensitive_attributes": []
        }
      ]
    }
  ],
  "check_results": null
}
